
Microsoft Visual Studio Solution File, Format Version 12.00
# Visual Studio Version 16
VisualStudioVersion = 16.0.31424.327
MinimumVisualStudioVersion = 10.0.40219.1
Project("{FAE04EC0-301F-11D3-BF4B-00C04F79EFBC}") = "Naiya", "Naiya\Naiya.csproj", "{B81F5E8B-CAF8-4A16-92B8-962C80F6D7C2}"
EndProject
Project("{FAE04EC0-301F-11D3-BF4B-00C04F79EFBC}") = "NaiyaDriver", "NaiyaDriver\NaiyaDriver.csproj", "{4F165DEB-2591-480C-B1F0-30A8736F64EE}"
EndProject
Global
	GlobalSection(SolutionConfigurationPlatforms) = preSolution
		Debug|Any CPU = Debug|Any CPU
		Release|Any CPU = Release|Any CPU
	EndGlobalSection
	GlobalSection(ProjectConfigurationPlatforms) = postSolution
		{B81F5E8B-CAF8-4A16-92B8-962C80F6D7C2}.Debug|Any CPU.ActiveCfg = Debug|Any CPU
		{B81F5E8B-CAF8-4A16-92B8-962C80F6D7C2}.Debug|Any CPU.Build.0 = Debug|Any CPU
		{B81F5E8B-CAF8-4A16-92B8-962C80F6D7C2}.Release|Any CPU.ActiveCfg = Release|Any CPU
		{B81F5E8B-CAF8-4A16-92B8-962C80F6D7C2}.Release|Any CPU.Build.0 = Release|Any CPU
		{4F165DEB-2591-480C-B1F0-30A8736F64EE}.Debug|Any CPU.ActiveCfg = Debug|Any CPU
		{4F165DEB-2591-480C-B1F0-30A8736F64EE}.Debug|Any CPU.Build.0 = Debug|Any CPU
		{4F165DEB-2591-480C-B1F0-30A8736F64EE}.Release|Any CPU.ActiveCfg = Release|Any CPU
		{4F165DEB-2591-480C-B1F0-30A8736F64EE}.Release|Any CPU.Build.0 = Release|Any CPU
	EndGlobalSection
	GlobalSection(SolutionProperties) = preSolution
		HideSolutionNode = FALSE
	EndGlobalSection
	GlobalSection(ExtensibilityGlobals) = postSolution
		SolutionGuid = {D511B27A-8013-4074-BB6D-E87AEDC55EAC}
	EndGlobalSection
EndGlobal
